PODS:
  - Alamofire (5.4.1)
  - Charts (3.6.0):
    - Charts/Core (= 3.6.0)
  - Charts/Core (3.6.0)
  - Gallery (2.4.0)
  - PureLayout (3.1.7)
  - Realm (10.7.2):
    - Realm/Headers (= 10.7.2)
  - Realm/Headers (10.7.2)
  - RealmSwift (10.7.2):
    - Realm (= 10.7.2)
  - SwiftDataTables (0.8.2)
  - SwiftyJSON (5.0.0)

DEPENDENCIES:
  - Alamofire
  - Charts
  - Gallery
  - PureLayout
  - RealmSwift
  - SwiftDataTables
  - SwiftyJSON

SPEC REPOS:
  trunk:
    - Alamofire
    - Charts
    - Gallery
    - PureLayout
    - Realm
    - RealmSwift
    - SwiftDataTables
    - SwiftyJSON

SPEC CHECKSUMS:
  Alamofire: 2291f7d21ca607c491dd17642e5d40fdcda0e65c
  Charts: b1e3a1f5a1c9ba5394438ca3b91bd8c9076310af
  Gallery: b7fc1aeb68a39ad6d2c423574750196bf9b25e5c
  PureLayout: e9e5921347547e1068333f3149e737c972cb6037
  Realm: e523da9ade306c5ae87e85dc09fdef148d3e1cc1
  RealmSwift: 4f6758c3adbdcc87f7b7777107226532a077f61c
  SwiftDataTables: 1c6bd4d477b44b07df86ca22c5ae67c85fe894ff
  SwiftyJSON: 36413e04c44ee145039d332b4f4e2d3e8d6c4db7

PODFILE CHECKSUM: 49837d139847ebd6173bf858dc0d3a50dd4682f8

COCOAPODS: 1.10.1
